{
  "name": "intro-to-typescript",
  "lockfileVersion": 3,
  "requires": true,
  "packages": {
    "": {
      "name": "intro-to-typescript",
      "devDependencies": {
        "@total-typescript/tsconfig": "^1.0.4"
      }
    },
    "node_modules/@total-typescript/tsconfig": {
      "version": "1.0.4",
      "resolved": "https://registry.npmjs.org/@total-typescript/tsconfig/-/tsconfig-1.0.4.tgz",
      "integrity": "sha512-fO4ctMPGz1kOFOQ4RCPBRBfMy3gDn+pegUfrGyUFRMv/Rd0ZM3/SHH3hFCYG4u6bPLG8OlmOGcBLDexvyr3A5w==",
      "dev": true
    }
  }
}
